
Microsoft Visual Studio Solution File, Format Version 12.00
# Visual Studio Version 17
VisualStudioVersion = 17.8.34330.188
MinimumVisualStudioVersion = 10.0.40219.1
Project("{FAE04EC0-301F-11D3-BF4B-00C04F79EFBC}") = "GestionIMM", "GestionIMM.csproj", "{55DA068E-B522-47BF-AED1-73ABB388A8CD}"
EndProject
Global
	GlobalSection(SolutionConfigurationPlatforms) = preSolution
		Debug|Any CPU = Debug|Any CPU
		Release|Any CPU = Release|Any CPU
	EndGlobalSection
	GlobalSection(ProjectConfigurationPlatforms) = postSolution
		{55DA068E-B522-47BF-AED1-73ABB388A8CD}.Debug|Any CPU.ActiveCfg = Debug|Any CPU
		{55DA068E-B522-47BF-AED1-73ABB388A8CD}.Debug|Any CPU.Build.0 = Debug|Any CPU
		{55DA068E-B522-47BF-AED1-73ABB388A8CD}.Release|Any CPU.ActiveCfg = Release|Any CPU
		{55DA068E-B522-47BF-AED1-73ABB388A8CD}.Release|Any CPU.Build.0 = Release|Any CPU
	EndGlobalSection
	GlobalSection(SolutionProperties) = preSolution
		HideSolutionNode = FALSE
	EndGlobalSection
	GlobalSection(ExtensibilityGlobals) = postSolution
		SolutionGuid = {10C80C76-4E07-4CD3-B6BC-46C99DA43A1B}
	EndGlobalSection
EndGlobal
